# This file is automatically @generated by Cargo.
# It is not intended for manual editing.
[[package]]
name = "adversarial_search"
version = "0.1.0"
source = "registry+https://github.com/rust-lang/crates.io-index"

[[package]]
name = "alpha-mancala-rust"
version = "0.1.0"
dependencies = [
 "adversarial_search 0.1.0 (registry+https://github.com/rust-lang/crates.io-index)",
]

[metadata]
"checksum adversarial_search 0.1.0 (registry+https://github.com/rust-lang/crates.io-index)" = "11901a0cbd005e52eb190b92fa9305182628528148c3372b06897496694894e8"
